
Microsoft Visual Studio Solution File, Format Version 12.00
# Visual Studio 15
VisualStudioVersion = 15.0.26730.16
MinimumVisualStudioVersion = 10.0.40219.1
Project("{FAE04EC0-301F-11D3-BF4B-00C04F79EFBC}") = "Calculator2", "ConsoleApp2\Calculator2.csproj", "{E055F632-9D59-436F-95B0-C00C4A79D7CD}"
EndProject
Global
	GlobalSection(SolutionConfigurationPlatforms) = preSolution
		Debug|Any CPU = Debug|Any CPU
		Release|Any CPU = Release|Any CPU
	EndGlobalSection
	GlobalSection(ProjectConfigurationPlatforms) = postSolution
		{E055F632-9D59-436F-95B0-C00C4A79D7CD}.Debug|Any CPU.ActiveCfg = Debug|Any CPU
		{E055F632-9D59-436F-95B0-C00C4A79D7CD}.Debug|Any CPU.Build.0 = Debug|Any CPU
		{E055F632-9D59-436F-95B0-C00C4A79D7CD}.Release|Any CPU.ActiveCfg = Release|Any CPU
		{E055F632-9D59-436F-95B0-C00C4A79D7CD}.Release|Any CPU.Build.0 = Release|Any CPU
	EndGlobalSection
	GlobalSection(SolutionProperties) = preSolution
		HideSolutionNode = FALSE
	EndGlobalSection
	GlobalSection(ExtensibilityGlobals) = postSolution
		SolutionGuid = {518B9714-833B-4011-B4EE-31313C0B67A3}
	EndGlobalSection
EndGlobal
